<Solution>
  <Project Path="src/Streak.DbScaffold/Streak.DbScaffold.csproj" />
  <Project Path="src/Streak.Ui/Streak.Ui.csproj" Id="c2a78bb7-d076-4c14-a143-df834c9948dd">
    <Deploy Solution="Debug|*" />
  </Project>
  <Project Path="tests/Streak.Ui.UnitTests/Streak.Ui.UnitTests.csproj" />
</Solution>
